{
  "name": "age-calculator",
  "version": "1.0.0",
  "lockfileVersion": 2,
  "requires": true,
  "packages": {
    "": {
      "name": "age-calculator",
      "version": "1.0.0",
      "license": "ISC",
      "dependencies": {
        "findage": "^30.0.0"
      }
    },
    "node_modules/findage": {
      "version": "30.0.0",
      "resolved": "https://registry.npmjs.org/findage/-/findage-30.0.0.tgz",
      "integrity": "sha512-ZtzQ88HhDuUqFQ6psJ9tnRedpZJncwDWzsJD9bATB/JI+GPwMps1x2OF29S33H26uuwGwV4SVpLFNVhrZ+ngFw=="
    }
  },
  "dependencies": {
    "findage": {
      "version": "30.0.0",
      "resolved": "https://registry.npmjs.org/findage/-/findage-30.0.0.tgz",
      "integrity": "sha512-ZtzQ88HhDuUqFQ6psJ9tnRedpZJncwDWzsJD9bATB/JI+GPwMps1x2OF29S33H26uuwGwV4SVpLFNVhrZ+ngFw=="
    }
  }
}
